
Microsoft Visual Studio Solution File, Format Version 12.00
# Visual Studio Version 16
VisualStudioVersion = 16.0.30503.244
MinimumVisualStudioVersion = 10.0.40219.1
Project("{FAE04EC0-301F-11D3-BF4B-00C04F79EFBC}") = "Registro de Usuario", "Registro de Usuario.csproj", "{B9E33579-CB93-4C93-92B2-8D2F9AE67A5A}"
EndProject
Global
	GlobalSection(SolutionConfigurationPlatforms) = preSolution
		Debug|Any CPU = Debug|Any CPU
		Release|Any CPU = Release|Any CPU
	EndGlobalSection
	GlobalSection(ProjectConfigurationPlatforms) = postSolution
		{B9E33579-CB93-4C93-92B2-8D2F9AE67A5A}.Debug|Any CPU.ActiveCfg = Debug|Any CPU
		{B9E33579-CB93-4C93-92B2-8D2F9AE67A5A}.Debug|Any CPU.Build.0 = Debug|Any CPU
		{B9E33579-CB93-4C93-92B2-8D2F9AE67A5A}.Release|Any CPU.ActiveCfg = Release|Any CPU
		{B9E33579-CB93-4C93-92B2-8D2F9AE67A5A}.Release|Any CPU.Build.0 = Release|Any CPU
	EndGlobalSection
	GlobalSection(SolutionProperties) = preSolution
		HideSolutionNode = FALSE
	EndGlobalSection
	GlobalSection(ExtensibilityGlobals) = postSolution
		SolutionGuid = {EE294053-C27A-4071-A9AE-09302649D464}
	EndGlobalSection
EndGlobal
